
Microsoft Visual Studio Solution File, Format Version 12.00
# Visual Studio Version 16
VisualStudioVersion = 16.0.30804.86
MinimumVisualStudioVersion = 10.0.40219.1
Project("{FAE04EC0-301F-11D3-BF4B-00C04F79EFBC}") = "Project_ShopOnline", "Project_ShopOnline\Project_ShopOnline.csproj", "{BC99E95D-454D-44A9-BBD5-D24D48861A24}"
EndProject
Global
	GlobalSection(SolutionConfigurationPlatforms) = preSolution
		Debug|Any CPU = Debug|Any CPU
		Release|Any CPU = Release|Any CPU
	EndGlobalSection
	GlobalSection(ProjectConfigurationPlatforms) = postSolution
		{BC99E95D-454D-44A9-BBD5-D24D48861A24}.Debug|Any CPU.ActiveCfg = Debug|Any CPU
		{BC99E95D-454D-44A9-BBD5-D24D48861A24}.Debug|Any CPU.Build.0 = Debug|Any CPU
		{BC99E95D-454D-44A9-BBD5-D24D48861A24}.Release|Any CPU.ActiveCfg = Release|Any CPU
		{BC99E95D-454D-44A9-BBD5-D24D48861A24}.Release|Any CPU.Build.0 = Release|Any CPU
	EndGlobalSection
	GlobalSection(SolutionProperties) = preSolution
		HideSolutionNode = FALSE
	EndGlobalSection
	GlobalSection(ExtensibilityGlobals) = postSolution
		SolutionGuid = {899718D5-151C-4F73-A872-173206005518}
	EndGlobalSection
EndGlobal
